<?xml version="1.0" encoding="utf-8"?>
<Project ToolsVersion="4.0" xmlns="http://schemas.microsoft.com/developer/msbuild/2003">
  <ItemGroup>
    <Filter Include="源文件">
      <UniqueIdentifier>{4FC737F1-C7A5-4376-A066-2A32D752A2FF}</UniqueIdentifier>
      <Extensions>cpp;c;cc;cxx;def;odl;idl;hpj;bat;asm;asmx</Extensions>
    </Filter>
    <Filter Include="头文件">
      <UniqueIdentifier>{93995380-89BD-4b04-88EB-625FBE52EBFB}</UniqueIdentifier>
      <Extensions>h;hh;hpp;hxx;hm;inl;inc;ipp;xsd</Extensions>
    </Filter>
    <Filter Include="资源文件">
      <UniqueIdentifier>{67DA6AB6-F800-4c08-8B7A-83BB121AAD01}</UniqueIdentifier>
      <Extensions>rc;ico;cur;bmp;dlg;rc2;rct;bin;rgs;gif;jpg;jpeg;jpe;resx;tiff;tif;png;wav;mfcribbon-ms</Extensions>
    </Filter>
  </ItemGroup>
  <ItemGroup>
    <ClCompile Include="28.实现strStr().cpp">
      <Filter>源文件</Filter>
    </ClCompile>
    <ClCompile Include="29.两数相除.cpp">
      <Filter>源文件</Filter>
    </ClCompile>
    <ClCompile Include="31.下一个排列.cpp">
      <Filter>源文件</Filter>
    </ClCompile>
    <ClCompile Include="32.最长有效括号.cpp">
      <Filter>源文件</Filter>
    </ClCompile>
    <ClCompile Include="33.搜索旋转排序数组.cpp">
      <Filter>源文件</Filter>
    </ClCompile>
    <ClCompile Include="35.搜索插入位置.cpp">
      <Filter>源文件</Filter>
    </ClCompile>
    <ClCompile Include="34.在排序数组中查找元素的第一个和最后一个位置.cpp">
      <Filter>源文件</Filter>
    </ClCompile>
    <ClCompile Include="36.有效的数独.cpp">
      <Filter>源文件</Filter>
    </ClCompile>
    <ClCompile Include="38.外观数列.cpp">
      <Filter>源文件</Filter>
    </ClCompile>
    <ClCompile Include="39.组合总和.cpp">
      <Filter>源文件</Filter>
    </ClCompile>
    <ClCompile Include="40. 组合总和 II.cpp">
      <Filter>源文件</Filter>
    </ClCompile>
    <ClCompile Include="41.缺失的第一个正数.cpp">
      <Filter>源文件</Filter>
    </ClCompile>
    <ClCompile Include="53.最大子序和.cpp">
      <Filter>源文件</Filter>
    </ClCompile>
    <ClCompile Include="43.字符串相乘.cpp">
      <Filter>源文件</Filter>
    </ClCompile>
    <ClCompile Include="415.字符串相加.cpp">
      <Filter>源文件</Filter>
    </ClCompile>
    <ClCompile Include="58.最后一个单词的长度.cpp">
      <Filter>源文件</Filter>
    </ClCompile>
    <ClCompile Include="66.加一.cpp">
      <Filter>源文件</Filter>
    </ClCompile>
    <ClCompile Include="46.全排列.cpp">
      <Filter>源文件</Filter>
    </ClCompile>
    <ClCompile Include="47.全排列2.cpp">
      <Filter>源文件</Filter>
    </ClCompile>
    <ClCompile Include="48.旋转图像.cpp">
      <Filter>源文件</Filter>
    </ClCompile>
    <ClCompile Include="CodeWars_countBits.cpp">
      <Filter>源文件</Filter>
    </ClCompile>
    <ClCompile Include="49.字母异位词分组.cpp">
      <Filter>源文件</Filter>
    </ClCompile>
    <ClCompile Include="50. Pow(x, n).cpp">
      <Filter>源文件</Filter>
    </ClCompile>
    <ClCompile Include="54.螺旋矩阵.cpp">
      <Filter>源文件</Filter>
    </ClCompile>
    <ClCompile Include="55.跳跃游戏.cpp">
      <Filter>源文件</Filter>
    </ClCompile>
    <ClCompile Include="56.合并区间.cpp">
      <Filter>源文件</Filter>
    </ClCompile>
    <ClCompile Include="59. 螺旋矩阵 II.cpp">
      <Filter>源文件</Filter>
    </ClCompile>
    <ClCompile Include="60.第k个排列.cpp">
      <Filter>源文件</Filter>
    </ClCompile>
    <ClCompile Include="61.旋转链表.cpp">
      <Filter>源文件</Filter>
    </ClCompile>
    <ClCompile Include="62.不同路径.cpp">
      <Filter>源文件</Filter>
    </ClCompile>
    <ClCompile Include="63. 不同路径 II.cpp">
      <Filter>源文件</Filter>
    </ClCompile>
    <ClCompile Include="64.最小路径和.cpp">
      <Filter>源文件</Filter>
    </ClCompile>
  </ItemGroup>
  <ItemGroup>
    <ClInclude Include="headerfile.h">
      <Filter>头文件</Filter>
    </ClInclude>
  </ItemGroup>
</Project>